<?xml version="1.0" encoding="utf-8"?>
<Project ToolsVersion="4.0" xmlns="http://schemas.microsoft.com/developer/msbuild/2003">
  <ItemGroup>
    <Filter Include="Source Files">
      <UniqueIdentifier>{4FC737F1-C7A5-4376-A066-2A32D752A2FF}</UniqueIdentifier>
      <Extensions>cpp;c;cc;cxx;def;odl;idl;hpj;bat;asm;asmx</Extensions>
    </Filter>
    <Filter Include="Header Files">
      <UniqueIdentifier>{93995380-89BD-4b04-88EB-625FBE52EBFB}</UniqueIdentifier>
      <Extensions>h;hpp;hxx;hm;inl;inc;xsd</Extensions>
    </Filter>
    <Filter Include="Resource Files">
      <UniqueIdentifier>{67DA6AB6-F800-4c08-8B7A-83BB121AAD01}</UniqueIdentifier>
      <Extensions>rc;ico;cur;bmp;dlg;rc2;rct;bin;rgs;gif;jpg;jpeg;jpe;resx;tiff;tif;png;wav;mfcribbon-ms</Extensions>
    </Filter>
    <Filter Include="Source Files\impl">
      <UniqueIdentifier>{a31330b0-3efa-4fad-8eaa-9d09f5906ee4}</UniqueIdentifier>
    </Filter>
    <Filter Include="Source Files\simple">
      <UniqueIdentifier>{08546fdd-980f-46d3-828d-b72333b35b8f}</UniqueIdentifier>
    </Filter>
    <Filter Include="Source Files\simple\util">
      <UniqueIdentifier>{33218247-2f47-42bf-857e-51b530e9f39e}</UniqueIdentifier>
    </Filter>
    <Filter Include="Source Files\impl\solvers">
      <UniqueIdentifier>{8ef5c6a9-0a63-4ffd-acfe-e452d85b9dcb}</UniqueIdentifier>
    </Filter>
    <Filter Include="Source Files\impl\parser">
      <UniqueIdentifier>{f4eeab7d-08f6-4ccb-903c-9804cd912c47}</UniqueIdentifier>
    </Filter>
    <Filter Include="Header Files\impl">
      <UniqueIdentifier>{da12f165-d39f-4b70-8127-c48f678faf86}</UniqueIdentifier>
    </Filter>
    <Filter Include="Header Files\impl\parser">
      <UniqueIdentifier>{fb37c7d4-f262-4ec5-95a3-24330fc119a4}</UniqueIdentifier>
    </Filter>
    <Filter Include="Header Files\impl\solvers">
      <UniqueIdentifier>{747d5429-77bc-4137-a821-6d413b88cfde}</UniqueIdentifier>
    </Filter>
    <Filter Include="Header Files\simple">
      <UniqueIdentifier>{27f20606-44c9-4800-97b4-5a22e8d653f3}</UniqueIdentifier>
    </Filter>
    <Filter Include="Header Files\simple\utils">
      <UniqueIdentifier>{8ef9d9aa-a37d-40dc-90d7-b1dd9ea4758f}</UniqueIdentifier>
    </Filter>
  </ItemGroup>
  <ItemGroup>
    <ClCompile Include="simple\ast.cpp">
      <Filter>Source Files\simple</Filter>
    </ClCompile>
    <ClCompile Include="simple\condition_set.cpp">
      <Filter>Source Files\simple</Filter>
    </ClCompile>
    <ClCompile Include="simple\query.cpp">
      <Filter>Source Files\simple</Filter>
    </ClCompile>
    <ClCompile Include="simple\spa.cpp">
      <Filter>Source Files\simple</Filter>
    </ClCompile>
    <ClCompile Include="simple\tuple.cpp">
      <Filter>Source Files\simple</Filter>
    </ClCompile>
    <ClCompile Include="simple\util\ast_utils.cpp">
      <Filter>Source Files\simple\util</Filter>
    </ClCompile>
    <ClCompile Include="simple\util\condition_utils.cpp">
      <Filter>Source Files\simple\util</Filter>
    </ClCompile>
    <ClCompile Include="simple\util\query_utils.cpp">
      <Filter>Source Files\simple\util</Filter>
    </ClCompile>
    <ClCompile Include="impl\linker.cpp">
      <Filter>Source Files\impl</Filter>
    </ClCompile>
    <ClCompile Include="impl\predicate.cpp">
      <Filter>Source Files\impl</Filter>
    </ClCompile>
    <ClCompile Include="impl\processor.cpp">
      <Filter>Source Files\impl</Filter>
    </ClCompile>
    <ClCompile Include="impl\selector.cpp">
      <Filter>Source Files\impl</Filter>
    </ClCompile>
    <ClCompile Include="impl\solver_table.cpp">
      <Filter>Source Files\impl</Filter>
    </ClCompile>
    <ClCompile Include="impl\solvers\call.cpp">
      <Filter>Source Files\impl\solvers</Filter>
    </ClCompile>
    <ClCompile Include="impl\solvers\expr.cpp">
      <Filter>Source Files\impl\solvers</Filter>
    </ClCompile>
    <ClCompile Include="impl\solvers\follows.cpp">
      <Filter>Source Files\impl\solvers</Filter>
    </ClCompile>
    <ClCompile Include="impl\solvers\iaffects.cpp">
      <Filter>Source Files\impl\solvers</Filter>
    </ClCompile>
    <ClCompile Include="impl\solvers\icall.cpp">
      <Filter>Source Files\impl\solvers</Filter>
    </ClCompile>
    <ClCompile Include="impl\solvers\iexpr.cpp">
      <Filter>Source Files\impl\solvers</Filter>
    </ClCompile>
    <ClCompile Include="impl\solvers\ifollows.cpp">
      <Filter>Source Files\impl\solvers</Filter>
    </ClCompile>
    <ClCompile Include="impl\solvers\inext.cpp">
      <Filter>Source Files\impl\solvers</Filter>
    </ClCompile>
    <ClCompile Include="impl\solvers\iparent.cpp">
      <Filter>Source Files\impl\solvers</Filter>
    </ClCompile>
    <ClCompile Include="impl\solvers\modifies.cpp">
      <Filter>Source Files\impl\solvers</Filter>
    </ClCompile>
    <ClCompile Include="impl\solvers\next.cpp">
      <Filter>Source Files\impl\solvers</Filter>
    </ClCompile>
    <ClCompile Include="impl\solvers\next_bip.cpp">
      <Filter>Source Files\impl\solvers</Filter>
    </ClCompile>
    <ClCompile Include="impl\solvers\next_cached.cpp">
      <Filter>Source Files\impl\solvers</Filter>
    </ClCompile>
    <ClCompile Include="impl\solvers\parent.cpp">
      <Filter>Source Files\impl\solvers</Filter>
    </ClCompile>
    <ClCompile Include="impl\solvers\uses.cpp">
      <Filter>Source Files\impl\solvers</Filter>
    </ClCompile>
    <ClCompile Include="impl\solvers\affects.cpp">
      <Filter>Source Files\impl\solvers</Filter>
    </ClCompile>
    <ClCompile Include="impl\solvers\assign.cpp">
      <Filter>Source Files\impl\solvers</Filter>
    </ClCompile>
    <ClCompile Include="impl\parser\parser.cpp">
      <Filter>Source Files\impl\parser</Filter>
    </ClCompile>
    <ClCompile Include="impl\parser\pql_parser.cpp">
      <Filter>Source Files\impl\parser</Filter>
    </ClCompile>
    <ClCompile Include="impl\parser\token.cpp">
      <Filter>Source Files\impl\parser</Filter>
    </ClCompile>
    <ClCompile Include="simple\util\expr_util.cpp">
      <Filter>Source Files\simple\util</Filter>
    </ClCompile>
    <ClCompile Include="impl\parser\expr_parser.cpp">
      <Filter>Source Files\impl\parser</Filter>
    </ClCompile>
    <ClCompile Include="impl\solvers\equal.cpp">
      <Filter>Source Files\impl\solvers</Filter>
    </ClCompile>
    <ClCompile Include="simple\util\term_utils.cpp">
      <Filter>Source Files\simple\util</Filter>
    </ClCompile>
    <ClCompile Include="impl\solvers\direct_uses.cpp">
      <Filter>Source Files\impl\solvers</Filter>
    </ClCompile>
    <ClCompile Include="impl\solvers\sibling.cpp">
      <Filter>Source Files\impl\solvers</Filter>
    </ClCompile>
  </ItemGroup>
  <ItemGroup>
    <ClInclude Include="impl\solvers\affects.h">
      <Filter>Header Files\impl\solvers</Filter>
    </ClInclude>
    <ClInclude Include="impl\solvers\assign.h">
      <Filter>Header Files\impl\solvers</Filter>
    </ClInclude>
    <ClInclude Include="impl\solvers\call.h">
      <Filter>Header Files\impl\solvers</Filter>
    </ClInclude>
    <ClInclude Include="impl\solvers\direct_uses.h">
      <Filter>Header Files\impl\solvers</Filter>
    </ClInclude>
    <ClInclude Include="impl\solvers\equal.h">
      <Filter>Header Files\impl\solvers</Filter>
    </ClInclude>
    <ClInclude Include="impl\solvers\expr.h">
      <Filter>Header Files\impl\solvers</Filter>
    </ClInclude>
    <ClInclude Include="impl\solvers\follows.h">
      <Filter>Header Files\impl\solvers</Filter>
    </ClInclude>
    <ClInclude Include="impl\solvers\iaffects.h">
      <Filter>Header Files\impl\solvers</Filter>
    </ClInclude>
    <ClInclude Include="impl\solvers\icall.h">
      <Filter>Header Files\impl\solvers</Filter>
    </ClInclude>
    <ClInclude Include="impl\solvers\iexpr.h">
      <Filter>Header Files\impl\solvers</Filter>
    </ClInclude>
    <ClInclude Include="impl\solvers\ifollows.h">
      <Filter>Header Files\impl\solvers</Filter>
    </ClInclude>
    <ClInclude Include="impl\solvers\inext.h">
      <Filter>Header Files\impl\solvers</Filter>
    </ClInclude>
    <ClInclude Include="impl\solvers\iparent.h">
      <Filter>Header Files\impl\solvers</Filter>
    </ClInclude>
    <ClInclude Include="impl\solvers\modifies.h">
      <Filter>Header Files\impl\solvers</Filter>
    </ClInclude>
    <ClInclude Include="impl\solvers\next.h">
      <Filter>Header Files\impl\solvers</Filter>
    </ClInclude>
    <ClInclude Include="impl\solvers\next_bip.h">
      <Filter>Header Files\impl\solvers</Filter>
    </ClInclude>
    <ClInclude Include="impl\solvers\next_cached.h">
      <Filter>Header Files\impl\solvers</Filter>
    </ClInclude>
    <ClInclude Include="impl\solvers\parent.h">
      <Filter>Header Files\impl\solvers</Filter>
    </ClInclude>
    <ClInclude Include="impl\solvers\pattern.h">
      <Filter>Header Files\impl\solvers</Filter>
    </ClInclude>
    <ClInclude Include="impl\solvers\uses.h">
      <Filter>Header Files\impl\solvers</Filter>
    </ClInclude>
    <ClInclude Include="impl\ast.h">
      <Filter>Header Files\impl</Filter>
    </ClInclude>
    <ClInclude Include="impl\condition.h">
      <Filter>Header Files\impl</Filter>
    </ClInclude>
    <ClInclude Include="impl\frontend.h">
      <Filter>Header Files\impl</Filter>
    </ClInclude>
    <ClInclude Include="impl\linker.h">
      <Filter>Header Files\impl</Filter>
    </ClInclude>
    <ClInclude Include="impl\parse_error.h">
      <Filter>Header Files\impl</Filter>
    </ClInclude>
    <ClInclude Include="impl\predicate.h">
      <Filter>Header Files\impl</Filter>
    </ClInclude>
    <ClInclude Include="impl\processor.h">
      <Filter>Header Files\impl</Filter>
    </ClInclude>
    <ClInclude Include="impl\query.h">
      <Filter>Header Files\impl</Filter>
    </ClInclude>
    <ClInclude Include="impl\selector.h">
      <Filter>Header Files\impl</Filter>
    </ClInclude>
    <ClInclude Include="impl\solver_table.h">
      <Filter>Header Files\impl</Filter>
    </ClInclude>
    <ClInclude Include="impl\table_linker.h">
      <Filter>Header Files\impl</Filter>
    </ClInclude>
    <ClInclude Include="simple\ast.h">
      <Filter>Header Files\simple</Filter>
    </ClInclude>
    <ClInclude Include="simple\condition.h">
      <Filter>Header Files\simple</Filter>
    </ClInclude>
    <ClInclude Include="simple\condition_set.h">
      <Filter>Header Files\simple</Filter>
    </ClInclude>
    <ClInclude Include="simple\linker.h">
      <Filter>Header Files\simple</Filter>
    </ClInclude>
    <ClInclude Include="simple\predicate.h">
      <Filter>Header Files\simple</Filter>
    </ClInclude>
    <ClInclude Include="simple\query.h">
      <Filter>Header Files\simple</Filter>
    </ClInclude>
    <ClInclude Include="simple\solver.h">
      <Filter>Header Files\simple</Filter>
    </ClInclude>
    <ClInclude Include="simple\spa.h">
      <Filter>Header Files\simple</Filter>
    </ClInclude>
    <ClInclude Include="simple\tuple.h">
      <Filter>Header Files\simple</Filter>
    </ClInclude>
    <ClInclude Include="simple\types.h">
      <Filter>Header Files\simple</Filter>
    </ClInclude>
    <ClInclude Include="impl\solvers\sibling.h">
      <Filter>Header Files\impl\solvers</Filter>
    </ClInclude>
    <ClInclude Include="impl\parser\expr_parser.h">
      <Filter>Header Files\impl\parser</Filter>
    </ClInclude>
    <ClInclude Include="impl\parser\iterator_tokenizer.h">
      <Filter>Header Files\impl\parser</Filter>
    </ClInclude>
    <ClInclude Include="impl\parser\parser.h">
      <Filter>Header Files\impl\parser</Filter>
    </ClInclude>
    <ClInclude Include="impl\parser\pql_parser.h">
      <Filter>Header Files\impl\parser</Filter>
    </ClInclude>
    <ClInclude Include="impl\parser\token.h">
      <Filter>Header Files\impl\parser</Filter>
    </ClInclude>
    <ClInclude Include="impl\parser\tokenizer.h">
      <Filter>Header Files\impl\parser</Filter>
    </ClInclude>
    <ClInclude Include="simple\util\ast_utils.h">
      <Filter>Header Files\simple\utils</Filter>
    </ClInclude>
    <ClInclude Include="simple\util\condition_utils.h">
      <Filter>Header Files\simple\utils</Filter>
    </ClInclude>
    <ClInclude Include="simple\util\condition_visitor_generator.h">
      <Filter>Header Files\simple\utils</Filter>
    </ClInclude>
    <ClInclude Include="simple\util\expr_util.h">
      <Filter>Header Files\simple\utils</Filter>
    </ClInclude>
    <ClInclude Include="simple\util\expr_visitor_generator.h">
      <Filter>Header Files\simple\utils</Filter>
    </ClInclude>
    <ClInclude Include="simple\util\query_utils.h">
      <Filter>Header Files\simple\utils</Filter>
    </ClInclude>
    <ClInclude Include="simple\util\set_convert.h">
      <Filter>Header Files\simple\utils</Filter>
    </ClInclude>
    <ClInclude Include="simple\util\set_utils.h">
      <Filter>Header Files\simple\utils</Filter>
    </ClInclude>
    <ClInclude Include="simple\util\solver_generator.h">
      <Filter>Header Files\simple\utils</Filter>
    </ClInclude>
    <ClInclude Include="simple\util\statement_visitor_generator.h">
      <Filter>Header Files\simple\utils</Filter>
    </ClInclude>
    <ClInclude Include="simple\util\term_utils.h">
      <Filter>Header Files\simple\utils</Filter>
    </ClInclude>
  </ItemGroup>
</Project>