<?xml version="1.0" encoding="utf-8"?>
<Project ToolsVersion="4.0" xmlns="http://schemas.microsoft.com/developer/msbuild/2003">
  <ItemGroup>
    <Filter Include="Source Files">
      <UniqueIdentifier>{4FC737F1-C7A5-4376-A066-2A32D752A2FF}</UniqueIdentifier>
      <Extensions>cpp;c;cc;cxx;def;odl;idl;hpj;bat;asm;asmx</Extensions>
    </Filter>
    <Filter Include="Header Files">
      <UniqueIdentifier>{93995380-89BD-4b04-88EB-625FBE52EBFB}</UniqueIdentifier>
      <Extensions>h;hpp;hxx;hm;inl;inc;xsd</Extensions>
    </Filter>
    <Filter Include="Resource Files">
      <UniqueIdentifier>{67DA6AB6-F800-4c08-8B7A-83BB121AAD01}</UniqueIdentifier>
      <Extensions>rc;ico;cur;bmp;dlg;rc2;rct;bin;rgs;gif;jpg;jpeg;jpe;resx;tiff;tif;png;wav;mfcribbon-ms</Extensions>
    </Filter>
    <Filter Include="Source Files\simple">
      <UniqueIdentifier>{e45e32df-4bdd-41e2-aad6-112b4bfd7ed3}</UniqueIdentifier>
    </Filter>
    <Filter Include="Source Files\..\simple\util">
      <UniqueIdentifier>{a88ceeeb-3535-4daf-823b-7b25d55cd3a4}</UniqueIdentifier>
    </Filter>
    <Filter Include="Source Files\impl">
      <UniqueIdentifier>{57502c7f-921f-441a-a383-a1ca962cc665}</UniqueIdentifier>
    </Filter>
    <Filter Include="Source Files\..\impl\parser">
      <UniqueIdentifier>{12485113-5e4c-49a2-83dc-31ff0ffaca4b}</UniqueIdentifier>
    </Filter>
    <Filter Include="Source Files\..\impl\solver">
      <UniqueIdentifier>{7109043e-dcfb-44bb-b991-958ca6349b5b}</UniqueIdentifier>
    </Filter>
  </ItemGroup>
  <ItemGroup>
    <ClCompile Include="..\simple\tuple.cpp">
      <Filter>Source Files\simple</Filter>
    </ClCompile>
    <ClCompile Include="..\simple\spa.cpp">
      <Filter>Source Files\simple</Filter>
    </ClCompile>
    <ClCompile Include="..\simple\query.cpp">
      <Filter>Source Files\simple</Filter>
    </ClCompile>
    <ClCompile Include="..\simple\condition_set.cpp">
      <Filter>Source Files\simple</Filter>
    </ClCompile>
    <ClCompile Include="..\simple\ast.cpp">
      <Filter>Source Files\simple</Filter>
    </ClCompile>
    <ClCompile Include="..\simple\util\ast_utils.cpp">
      <Filter>Source Files\..\simple\util</Filter>
    </ClCompile>
    <ClCompile Include="..\simple\util\condition_utils.cpp">
      <Filter>Source Files\..\simple\util</Filter>
    </ClCompile>
    <ClCompile Include="..\simple\util\query_utils.cpp">
      <Filter>Source Files\..\simple\util</Filter>
    </ClCompile>
    <ClCompile Include="..\impl\linker.cpp">
      <Filter>Source Files\impl</Filter>
    </ClCompile>
    <ClCompile Include="..\impl\predicate.cpp">
      <Filter>Source Files\impl</Filter>
    </ClCompile>
    <ClCompile Include="..\impl\processor.cpp">
      <Filter>Source Files\impl</Filter>
    </ClCompile>
    <ClCompile Include="..\impl\selector.cpp">
      <Filter>Source Files\impl</Filter>
    </ClCompile>
    <ClCompile Include="..\impl\parser\parser.cpp">
      <Filter>Source Files\..\impl\parser</Filter>
    </ClCompile>
    <ClCompile Include="..\impl\parser\pql_parser.cpp">
      <Filter>Source Files\..\impl\parser</Filter>
    </ClCompile>
    <ClCompile Include="..\impl\parser\token.cpp">
      <Filter>Source Files\..\impl\parser</Filter>
    </ClCompile>
    <ClCompile Include="..\impl\solvers\call.cpp">
      <Filter>Source Files\..\impl\solver</Filter>
    </ClCompile>
    <ClCompile Include="..\impl\solvers\follows.cpp">
      <Filter>Source Files\..\impl\solver</Filter>
    </ClCompile>
    <ClCompile Include="..\impl\solvers\icall.cpp">
      <Filter>Source Files\..\impl\solver</Filter>
    </ClCompile>
    <ClCompile Include="..\impl\solvers\ifollows.cpp">
      <Filter>Source Files\..\impl\solver</Filter>
    </ClCompile>
    <ClCompile Include="..\impl\solvers\inext.cpp">
      <Filter>Source Files\..\impl\solver</Filter>
    </ClCompile>
    <ClCompile Include="..\impl\solvers\iparent.cpp">
      <Filter>Source Files\..\impl\solver</Filter>
    </ClCompile>
    <ClCompile Include="..\impl\solvers\modifies.cpp">
      <Filter>Source Files\..\impl\solver</Filter>
    </ClCompile>
    <ClCompile Include="..\impl\solvers\next.cpp">
      <Filter>Source Files\..\impl\solver</Filter>
    </ClCompile>
    <ClCompile Include="..\impl\solvers\parent.cpp">
      <Filter>Source Files\..\impl\solver</Filter>
    </ClCompile>
    <ClCompile Include="..\impl\solvers\same_name.cpp">
      <Filter>Source Files\..\impl\solver</Filter>
    </ClCompile>
    <ClCompile Include="..\impl\solvers\uses.cpp">
      <Filter>Source Files\..\impl\solver</Filter>
    </ClCompile>
  </ItemGroup>
</Project>