<?xml version="1.0" encoding="utf-8"?>
<Project ToolsVersion="4.0" xmlns="http://schemas.microsoft.com/developer/msbuild/2003">
  <ItemGroup>
    <Filter Include="Source Files">
      <UniqueIdentifier>{4FC737F1-C7A5-4376-A066-2A32D752A2FF}</UniqueIdentifier>
      <Extensions>cpp;c;cc;cxx;def;odl;idl;hpj;bat;asm;asmx</Extensions>
    </Filter>
    <Filter Include="Header Files">
      <UniqueIdentifier>{93995380-89BD-4b04-88EB-625FBE52EBFB}</UniqueIdentifier>
      <Extensions>h;hpp;hxx;hm;inl;inc;xsd</Extensions>
    </Filter>
    <Filter Include="Resource Files">
      <UniqueIdentifier>{67DA6AB6-F800-4c08-8B7A-83BB121AAD01}</UniqueIdentifier>
      <Extensions>rc;ico;cur;bmp;dlg;rc2;rct;bin;rgs;gif;jpg;jpeg;jpe;resx;tiff;tif;png;wav;mfcribbon-ms</Extensions>
    </Filter>
    <Filter Include="Source Files\simple">
      <UniqueIdentifier>{e45e32df-4bdd-41e2-aad6-112b4bfd7ed3}</UniqueIdentifier>
    </Filter>
    <Filter Include="Source Files\impl">
      <UniqueIdentifier>{57502c7f-921f-441a-a383-a1ca962cc665}</UniqueIdentifier>
    </Filter>
    <Filter Include="Source Files\simple\util">
      <UniqueIdentifier>{306ab8e1-a171-4924-b6db-4250f5b8a163}</UniqueIdentifier>
    </Filter>
    <Filter Include="Header Files\impl">
      <UniqueIdentifier>{c47543bf-4102-498f-b692-79b2bdc89e57}</UniqueIdentifier>
    </Filter>
    <Filter Include="Header Files\impl\parser">
      <UniqueIdentifier>{2c1b14c9-3997-4982-bd8e-93ed2f90f7c3}</UniqueIdentifier>
    </Filter>
    <Filter Include="Source Files\impl\parser">
      <UniqueIdentifier>{8ee72790-cfa6-440b-bef0-c15e945c4d5c}</UniqueIdentifier>
    </Filter>
    <Filter Include="Header Files\simple">
      <UniqueIdentifier>{73ae7eda-ac35-4521-8d32-48275b244465}</UniqueIdentifier>
    </Filter>
    <Filter Include="Header Files\simple\util">
      <UniqueIdentifier>{acd71e4a-d69c-42d2-9825-835ce41b0060}</UniqueIdentifier>
    </Filter>
    <Filter Include="Source Files\impl\solvers">
      <UniqueIdentifier>{bc752cbc-4d84-43d5-b2ce-0cf7188e2201}</UniqueIdentifier>
    </Filter>
    <Filter Include="Header Files\impl\solvers">
      <UniqueIdentifier>{1985912b-744c-4a57-881c-c8ba0ba1f1dc}</UniqueIdentifier>
    </Filter>
    <Filter Include="Source Files\spa">
      <UniqueIdentifier>{2ccbac46-29a1-4be1-ac75-83675af02958}</UniqueIdentifier>
    </Filter>
    <Filter Include="Header Files\spa">
      <UniqueIdentifier>{dd62c6b8-cf7c-4f25-9501-004573f36b23}</UniqueIdentifier>
    </Filter>
  </ItemGroup>
  <ItemGroup>
    <ClCompile Include="..\impl\parser\parser.cpp">
      <Filter>Source Files\impl\parser</Filter>
    </ClCompile>
    <ClCompile Include="..\impl\parser\token.cpp">
      <Filter>Source Files\impl\parser</Filter>
    </ClCompile>
    <ClCompile Include="..\impl\parser\pql_parser.cpp">
      <Filter>Source Files\impl\parser</Filter>
    </ClCompile>
    <ClCompile Include="..\impl\solvers\affects.cpp">
      <Filter>Source Files\impl\solvers</Filter>
    </ClCompile>
    <ClCompile Include="..\impl\solvers\assign.cpp">
      <Filter>Source Files\impl\solvers</Filter>
    </ClCompile>
    <ClCompile Include="..\impl\solvers\call.cpp">
      <Filter>Source Files\impl\solvers</Filter>
    </ClCompile>
    <ClCompile Include="..\impl\solvers\follows.cpp">
      <Filter>Source Files\impl\solvers</Filter>
    </ClCompile>
    <ClCompile Include="..\impl\solvers\iaffects.cpp">
      <Filter>Source Files\impl\solvers</Filter>
    </ClCompile>
    <ClCompile Include="..\impl\solvers\icall.cpp">
      <Filter>Source Files\impl\solvers</Filter>
    </ClCompile>
    <ClCompile Include="..\impl\solvers\ifollows.cpp">
      <Filter>Source Files\impl\solvers</Filter>
    </ClCompile>
    <ClCompile Include="..\impl\solvers\inext.cpp">
      <Filter>Source Files\impl\solvers</Filter>
    </ClCompile>
    <ClCompile Include="..\impl\solvers\iparent.cpp">
      <Filter>Source Files\impl\solvers</Filter>
    </ClCompile>
    <ClCompile Include="..\impl\solvers\modifies.cpp">
      <Filter>Source Files\impl\solvers</Filter>
    </ClCompile>
    <ClCompile Include="..\impl\solvers\next.cpp">
      <Filter>Source Files\impl\solvers</Filter>
    </ClCompile>
    <ClCompile Include="..\impl\solvers\parent.cpp">
      <Filter>Source Files\impl\solvers</Filter>
    </ClCompile>
    <ClCompile Include="..\impl\solvers\same_name.cpp">
      <Filter>Source Files\impl\solvers</Filter>
    </ClCompile>
    <ClCompile Include="..\impl\command_line.cpp">
      <Filter>Source Files\impl</Filter>
    </ClCompile>
    <ClCompile Include="..\impl\linker.cpp">
      <Filter>Source Files\impl</Filter>
    </ClCompile>
    <ClCompile Include="..\impl\predicate.cpp">
      <Filter>Source Files\impl</Filter>
    </ClCompile>
    <ClCompile Include="..\impl\processor.cpp">
      <Filter>Source Files\impl</Filter>
    </ClCompile>
    <ClCompile Include="..\impl\selector.cpp">
      <Filter>Source Files\impl</Filter>
    </ClCompile>
    <ClCompile Include="..\impl\solver_table.cpp">
      <Filter>Source Files\impl</Filter>
    </ClCompile>
    <ClCompile Include="..\simple\ast.cpp">
      <Filter>Source Files\simple</Filter>
    </ClCompile>
    <ClCompile Include="..\simple\condition_set.cpp">
      <Filter>Source Files\simple</Filter>
    </ClCompile>
    <ClCompile Include="..\simple\query.cpp">
      <Filter>Source Files\simple</Filter>
    </ClCompile>
    <ClCompile Include="..\simple\spa.cpp">
      <Filter>Source Files\simple</Filter>
    </ClCompile>
    <ClCompile Include="..\simple\tuple.cpp">
      <Filter>Source Files\simple</Filter>
    </ClCompile>
    <ClCompile Include="..\simple\util\condition_utils.cpp">
      <Filter>Source Files\simple\util</Filter>
    </ClCompile>
    <ClCompile Include="..\simple\util\expr.cpp">
      <Filter>Source Files\simple\util</Filter>
    </ClCompile>
    <ClCompile Include="..\simple\util\query_utils.cpp">
      <Filter>Source Files\simple\util</Filter>
    </ClCompile>
    <ClCompile Include="..\simple\util\ast_utils.cpp">
      <Filter>Source Files\simple\util</Filter>
    </ClCompile>
    <ClCompile Include="..\impl\solvers\uses.cpp">
      <Filter>Source Files\impl\solvers</Filter>
    </ClCompile>
    <ClCompile Include="..\spa\affects.cpp">
      <Filter>Source Files\spa</Filter>
    </ClCompile>
    <ClCompile Include="..\spa\affects_star.cpp">
      <Filter>Source Files\spa</Filter>
    </ClCompile>
    <ClCompile Include="..\spa\ast.cpp">
      <Filter>Source Files\spa</Filter>
    </ClCompile>
    <ClCompile Include="..\spa\calls.cpp">
      <Filter>Source Files\spa</Filter>
    </ClCompile>
    <ClCompile Include="..\spa\calls_star.cpp">
      <Filter>Source Files\spa</Filter>
    </ClCompile>
    <ClCompile Include="..\spa\follows.cpp">
      <Filter>Source Files\spa</Filter>
    </ClCompile>
    <ClCompile Include="..\spa\follows_star.cpp">
      <Filter>Source Files\spa</Filter>
    </ClCompile>
    <ClCompile Include="..\spa\modifies.cpp">
      <Filter>Source Files\spa</Filter>
    </ClCompile>
    <ClCompile Include="..\spa\next.cpp">
      <Filter>Source Files\spa</Filter>
    </ClCompile>
    <ClCompile Include="..\spa\next_star.cpp">
      <Filter>Source Files\spa</Filter>
    </ClCompile>
    <ClCompile Include="..\spa\parent.cpp">
      <Filter>Source Files\spa</Filter>
    </ClCompile>
    <ClCompile Include="..\spa\parent_star.cpp">
      <Filter>Source Files\spa</Filter>
    </ClCompile>
    <ClCompile Include="..\spa\pkb.cpp">
      <Filter>Source Files\spa</Filter>
    </ClCompile>
    <ClCompile Include="..\spa\statement.cpp">
      <Filter>Source Files\spa</Filter>
    </ClCompile>
    <ClCompile Include="..\spa\uses.cpp">
      <Filter>Source Files\spa</Filter>
    </ClCompile>
    <ClCompile Include="..\spa\var_table.cpp">
      <Filter>Source Files\spa</Filter>
    </ClCompile>
  </ItemGroup>
  <ItemGroup>
    <ClInclude Include="..\impl\solvers\affects.h">
      <Filter>Header Files\impl\solvers</Filter>
    </ClInclude>
    <ClInclude Include="..\impl\solvers\assign.h">
      <Filter>Header Files\impl\solvers</Filter>
    </ClInclude>
    <ClInclude Include="..\impl\solvers\call.h">
      <Filter>Header Files\impl\solvers</Filter>
    </ClInclude>
    <ClInclude Include="..\impl\solvers\follows.h">
      <Filter>Header Files\impl\solvers</Filter>
    </ClInclude>
    <ClInclude Include="..\impl\solvers\iaffects.h">
      <Filter>Header Files\impl\solvers</Filter>
    </ClInclude>
    <ClInclude Include="..\impl\solvers\icall.h">
      <Filter>Header Files\impl\solvers</Filter>
    </ClInclude>
    <ClInclude Include="..\impl\solvers\ifollows.h">
      <Filter>Header Files\impl\solvers</Filter>
    </ClInclude>
    <ClInclude Include="..\impl\solvers\inext.h">
      <Filter>Header Files\impl\solvers</Filter>
    </ClInclude>
    <ClInclude Include="..\impl\solvers\iparent.h">
      <Filter>Header Files\impl\solvers</Filter>
    </ClInclude>
    <ClInclude Include="..\impl\solvers\modifies.h">
      <Filter>Header Files\impl\solvers</Filter>
    </ClInclude>
    <ClInclude Include="..\impl\solvers\next.h">
      <Filter>Header Files\impl\solvers</Filter>
    </ClInclude>
    <ClInclude Include="..\impl\solvers\parent.h">
      <Filter>Header Files\impl\solvers</Filter>
    </ClInclude>
    <ClInclude Include="..\impl\solvers\same_name.h">
      <Filter>Header Files\impl\solvers</Filter>
    </ClInclude>
    <ClInclude Include="..\impl\solvers\uses.h">
      <Filter>Header Files\impl\solvers</Filter>
    </ClInclude>
    <ClInclude Include="..\impl\ast.h">
      <Filter>Header Files\impl</Filter>
    </ClInclude>
    <ClInclude Include="..\impl\condition.h">
      <Filter>Header Files\impl</Filter>
    </ClInclude>
    <ClInclude Include="..\impl\frontend.h">
      <Filter>Header Files\impl</Filter>
    </ClInclude>
    <ClInclude Include="..\impl\linker.h">
      <Filter>Header Files\impl</Filter>
    </ClInclude>
    <ClInclude Include="..\impl\parse_error.h">
      <Filter>Header Files\impl</Filter>
    </ClInclude>
    <ClInclude Include="..\impl\predicate.h">
      <Filter>Header Files\impl</Filter>
    </ClInclude>
    <ClInclude Include="..\impl\processor.h">
      <Filter>Header Files\impl</Filter>
    </ClInclude>
    <ClInclude Include="..\impl\query.h">
      <Filter>Header Files\impl</Filter>
    </ClInclude>
    <ClInclude Include="..\impl\selector.h">
      <Filter>Header Files\impl</Filter>
    </ClInclude>
    <ClInclude Include="..\impl\solver_table.h">
      <Filter>Header Files\impl</Filter>
    </ClInclude>
    <ClInclude Include="..\impl\parser\iterator_tokenizer.h">
      <Filter>Header Files\impl\parser</Filter>
    </ClInclude>
    <ClInclude Include="..\impl\parser\parser.h">
      <Filter>Header Files\impl\parser</Filter>
    </ClInclude>
    <ClInclude Include="..\impl\parser\pql_parser.h">
      <Filter>Header Files\impl\parser</Filter>
    </ClInclude>
    <ClInclude Include="..\impl\parser\token.h">
      <Filter>Header Files\impl\parser</Filter>
    </ClInclude>
    <ClInclude Include="..\impl\parser\tokenizer.h">
      <Filter>Header Files\impl\parser</Filter>
    </ClInclude>
    <ClInclude Include="..\simple\ast.h">
      <Filter>Header Files\simple</Filter>
    </ClInclude>
    <ClInclude Include="..\simple\condition.h">
      <Filter>Header Files\simple</Filter>
    </ClInclude>
    <ClInclude Include="..\simple\condition_set.h">
      <Filter>Header Files\simple</Filter>
    </ClInclude>
    <ClInclude Include="..\simple\linker.h">
      <Filter>Header Files\simple</Filter>
    </ClInclude>
    <ClInclude Include="..\simple\predicate.h">
      <Filter>Header Files\simple</Filter>
    </ClInclude>
    <ClInclude Include="..\simple\query.h">
      <Filter>Header Files\simple</Filter>
    </ClInclude>
    <ClInclude Include="..\simple\solver.h">
      <Filter>Header Files\simple</Filter>
    </ClInclude>
    <ClInclude Include="..\simple\spa.h">
      <Filter>Header Files\simple</Filter>
    </ClInclude>
    <ClInclude Include="..\simple\tuple.h">
      <Filter>Header Files\simple</Filter>
    </ClInclude>
    <ClInclude Include="..\simple\util\ast_utils.h">
      <Filter>Header Files\simple\util</Filter>
    </ClInclude>
    <ClInclude Include="..\simple\util\condition_utils.h">
      <Filter>Header Files\simple\util</Filter>
    </ClInclude>
    <ClInclude Include="..\simple\util\condition_visitor_generator.h">
      <Filter>Header Files\simple\util</Filter>
    </ClInclude>
    <ClInclude Include="..\simple\util\expr.h">
      <Filter>Header Files\simple\util</Filter>
    </ClInclude>
    <ClInclude Include="..\simple\util\expr_visitor_generator.h">
      <Filter>Header Files\simple\util</Filter>
    </ClInclude>
    <ClInclude Include="..\simple\util\query_utils.h">
      <Filter>Header Files\simple\util</Filter>
    </ClInclude>
    <ClInclude Include="..\simple\util\set_convert.h">
      <Filter>Header Files\simple\util</Filter>
    </ClInclude>
    <ClInclude Include="..\simple\util\set_utils.h">
      <Filter>Header Files\simple\util</Filter>
    </ClInclude>
    <ClInclude Include="..\simple\util\solver_generator.h">
      <Filter>Header Files\simple\util</Filter>
    </ClInclude>
    <ClInclude Include="..\simple\util\statement_visitor_generator.h">
      <Filter>Header Files\simple\util</Filter>
    </ClInclude>
    <ClInclude Include="..\spa\affects.h">
      <Filter>Header Files\spa</Filter>
    </ClInclude>
    <ClInclude Include="..\spa\affects_star.h">
      <Filter>Header Files\spa</Filter>
    </ClInclude>
    <ClInclude Include="..\spa\ast.h">
      <Filter>Header Files\spa</Filter>
    </ClInclude>
    <ClInclude Include="..\spa\calls.h">
      <Filter>Header Files\spa</Filter>
    </ClInclude>
    <ClInclude Include="..\spa\calls_star.h">
      <Filter>Header Files\spa</Filter>
    </ClInclude>
    <ClInclude Include="..\spa\follows.h">
      <Filter>Header Files\spa</Filter>
    </ClInclude>
    <ClInclude Include="..\spa\follows_star.h">
      <Filter>Header Files\spa</Filter>
    </ClInclude>
    <ClInclude Include="..\spa\modifies.h">
      <Filter>Header Files\spa</Filter>
    </ClInclude>
    <ClInclude Include="..\spa\next.h">
      <Filter>Header Files\spa</Filter>
    </ClInclude>
    <ClInclude Include="..\spa\next_star.h">
      <Filter>Header Files\spa</Filter>
    </ClInclude>
    <ClInclude Include="..\spa\parent.h">
      <Filter>Header Files\spa</Filter>
    </ClInclude>
    <ClInclude Include="..\spa\parent_star.h">
      <Filter>Header Files\spa</Filter>
    </ClInclude>
    <ClInclude Include="..\spa\pkb.h">
      <Filter>Header Files\spa</Filter>
    </ClInclude>
    <ClInclude Include="..\spa\statement.h">
      <Filter>Header Files\spa</Filter>
    </ClInclude>
    <ClInclude Include="..\spa\types.h">
      <Filter>Header Files\spa</Filter>
    </ClInclude>
    <ClInclude Include="..\spa\uses.h">
      <Filter>Header Files\spa</Filter>
    </ClInclude>
    <ClInclude Include="..\spa\var_table.h">
      <Filter>Header Files\spa</Filter>
    </ClInclude>
  </ItemGroup>
</Project>