<?xml version="1.0" encoding="utf-8"?>
<Project ToolsVersion="4.0" xmlns="http://schemas.microsoft.com/developer/msbuild/2003">
  <ItemGroup>
    <Filter Include="Source Files">
      <UniqueIdentifier>{4FC737F1-C7A5-4376-A066-2A32D752A2FF}</UniqueIdentifier>
      <Extensions>cpp;c;cc;cxx;def;odl;idl;hpj;bat;asm;asmx</Extensions>
    </Filter>
    <Filter Include="Header Files">
      <UniqueIdentifier>{93995380-89BD-4b04-88EB-625FBE52EBFB}</UniqueIdentifier>
      <Extensions>h;hpp;hxx;hm;inl;inc;xsd</Extensions>
    </Filter>
    <Filter Include="Resource Files">
      <UniqueIdentifier>{67DA6AB6-F800-4c08-8B7A-83BB121AAD01}</UniqueIdentifier>
      <Extensions>rc;ico;cur;bmp;dlg;rc2;rct;bin;rgs;gif;jpg;jpeg;jpe;resx;tiff;tif;png;wav;mfcribbon-ms</Extensions>
    </Filter>
  </ItemGroup>
  <ItemGroup>
    <ClCompile Include="..\impl\command_line.cpp">
      <Filter>Source Files</Filter>
    </ClCompile>
    <ClCompile Include="..\spa\affects.cpp">
      <Filter>Source Files</Filter>
    </ClCompile>
    <ClCompile Include="..\spa\affects_star.cpp">
      <Filter>Source Files</Filter>
    </ClCompile>
    <ClCompile Include="..\spa\ast.cpp">
      <Filter>Source Files</Filter>
    </ClCompile>
    <ClCompile Include="..\spa\calls.cpp">
      <Filter>Source Files</Filter>
    </ClCompile>
    <ClCompile Include="..\spa\calls_star.cpp">
      <Filter>Source Files</Filter>
    </ClCompile>
    <ClCompile Include="..\spa\follows.cpp">
      <Filter>Source Files</Filter>
    </ClCompile>
    <ClCompile Include="..\spa\follows_star.cpp">
      <Filter>Source Files</Filter>
    </ClCompile>
    <ClCompile Include="..\spa\modifies.cpp">
      <Filter>Source Files</Filter>
    </ClCompile>
    <ClCompile Include="..\spa\next.cpp">
      <Filter>Source Files</Filter>
    </ClCompile>
    <ClCompile Include="..\spa\next_star.cpp">
      <Filter>Source Files</Filter>
    </ClCompile>
    <ClCompile Include="..\spa\parent.cpp">
      <Filter>Source Files</Filter>
    </ClCompile>
    <ClCompile Include="..\spa\parent_star.cpp">
      <Filter>Source Files</Filter>
    </ClCompile>
    <ClCompile Include="..\spa\pkb.cpp">
      <Filter>Source Files</Filter>
    </ClCompile>
    <ClCompile Include="..\spa\statement.cpp">
      <Filter>Source Files</Filter>
    </ClCompile>
    <ClCompile Include="..\spa\uses.cpp">
      <Filter>Source Files</Filter>
    </ClCompile>
    <ClCompile Include="..\spa\var_table.cpp">
      <Filter>Source Files</Filter>
    </ClCompile>
  </ItemGroup>
  <ItemGroup>
    <ClInclude Include="..\spa\affects.h">
      <Filter>Header Files</Filter>
    </ClInclude>
    <ClInclude Include="..\spa\affects_star.h">
      <Filter>Header Files</Filter>
    </ClInclude>
    <ClInclude Include="..\spa\ast.h">
      <Filter>Header Files</Filter>
    </ClInclude>
    <ClInclude Include="..\spa\calls.h">
      <Filter>Header Files</Filter>
    </ClInclude>
    <ClInclude Include="..\spa\calls_star.h">
      <Filter>Header Files</Filter>
    </ClInclude>
    <ClInclude Include="..\spa\follows.h">
      <Filter>Header Files</Filter>
    </ClInclude>
    <ClInclude Include="..\spa\follows_star.h">
      <Filter>Header Files</Filter>
    </ClInclude>
    <ClInclude Include="..\spa\modifies.h">
      <Filter>Header Files</Filter>
    </ClInclude>
    <ClInclude Include="..\spa\next.h">
      <Filter>Header Files</Filter>
    </ClInclude>
    <ClInclude Include="..\spa\next_star.h">
      <Filter>Header Files</Filter>
    </ClInclude>
    <ClInclude Include="..\spa\parent.h">
      <Filter>Header Files</Filter>
    </ClInclude>
    <ClInclude Include="..\spa\parent_star.h">
      <Filter>Header Files</Filter>
    </ClInclude>
    <ClInclude Include="..\spa\pkb.h">
      <Filter>Header Files</Filter>
    </ClInclude>
    <ClInclude Include="..\spa\statement.h">
      <Filter>Header Files</Filter>
    </ClInclude>
    <ClInclude Include="..\spa\types.h">
      <Filter>Header Files</Filter>
    </ClInclude>
    <ClInclude Include="..\spa\uses.h">
      <Filter>Header Files</Filter>
    </ClInclude>
    <ClInclude Include="..\spa\var_table.h">
      <Filter>Header Files</Filter>
    </ClInclude>
  </ItemGroup>
</Project>